github.com/golang/protobuf v1.3.2 h1:6nsPYzhq5kReh6QImI3k5qWzO4PEbvbIW2cwSfR/6xs=
github.com/golang/protobuf v1.3.2/go.mod h1:6lQm79b+lXiMfvg/cZm0SGofjICqVBUtrP5yJMmIC1U=
github.com/yyyiue/protobuf v1.3.1 h1:EFclcbk1VDTRobxQRQZgjVf4pG/l+adPuq+LjJstgdQ=
github.com/yyyiue/protobuf v1.3.1/go.mod h1:6lQm79b+lXiMfvg/cZm0SGofjICqVBUtrP5yJMmIC1U=
github.com/yyyiue/protobuf v1.4.8 h1:vR3J+qnHHjIphoZCxb/i4dM3eKMc7D0/21LPjCHj1Ag=
github.com/yyyiue/protobuf v1.4.8/go.mod h1:cR0qLHXWnIs4+VVUuW6iCgYKXANYWX6GnKPOkB4g0vU=
